// !$*UTF8*$!
{
	archiveVersion = 1;
	classes = {
	};
	objectVersion = 50;
	objects = {

/* Begin PBXBuildFile section */
		94FB2C11257422E700268E64 /* AppDelegate.swift in Sources */ = {isa = PBXBuildFile; fileRef = 94FB2C10257422E700268E64 /* AppDelegate.swift */; };
		94FB2C13257422E700268E64 /* SceneDelegate.swift in Sources */ = {isa = PBXBuildFile; fileRef = 94FB2C12257422E700268E64 /* SceneDelegate.swift */; };
		94FB2C15257422E700268E64 /* ContentView.swift in Sources */ = {isa = PBXBuildFile; fileRef = 94FB2C14257422E700268E64 /* ContentView.swift */; };
		94FB2C18257422E700268E64 /* GoldfishBrain.xcdatamodeld in Sources */ = {isa = PBXBuildFile; fileRef = 94FB2C16257422E700268E64 /* GoldfishBrain.xcdatamodeld */; };
		94FB2C1A257422E900268E64 /* Assets.xcassets in Resources */ = {isa = PBXBuildFile; fileRef = 94FB2C19257422E900268E64 /* Assets.xcassets */; };
		94FB2C1D257422E900268E64 /* Preview Assets.xcassets in Resources */ = {isa = PBXBuildFile; fileRef = 94FB2C1C257422E900268E64 /* Preview Assets.xcassets */; };
		94FB2C20257422E900268E64 /* LaunchScreen.storyboard in Resources */ = {isa = PBXBuildFile; fileRef = 94FB2C1E257422E900268E64 /* LaunchScreen.storyboard */; };
		94FB2C2A2574240D00268E64 /* AddItemView.swift in Sources */ = {isa = PBXBuildFile; fileRef = 94FB2C292574240D00268E64 /* AddItemView.swift */; };
/* End PBXBuildFile section */

/* Begin PBXFileReference section */
		94FB2C0D257422E700268E64 /* GoldfishBrain.app */ = {isa = PBXFileReference; explicitFileType = wrapper.application; includeInIndex = 0; path = GoldfishBrain.app; sourceTree = BUILT_PRODUCTS_DIR; };
		94FB2C10257422E700268E64 /* AppDelegate.swift */ = {isa = PBXFileReference; lastKnownFileType = sourcecode.swift; path = AppDelegate.swift; sourceTree = "<group>"; };
		94FB2C12257422E700268E64 /* SceneDelegate.swift */ = {isa = PBXFileReference; lastKnownFileType = sourcecode.swift; path = SceneDelegate.swift; sourceTree = "<group>"; };
		94FB2C14257422E700268E64 /* ContentView.swift */ = {isa = PBXFileReference; lastKnownFileType = sourcecode.swift; path = ContentView.swift; sourceTree = "<group>"; };
		94FB2C17257422E700268E64 /* GoldfishBrain.xcdatamodel */ = {isa = PBXFileReference; lastKnownFileType = wrapper.xcdatamodel; path = GoldfishBrain.xcdatamodel; sourceTree = "<group>"; };
		94FB2C19257422E900268E64 /* Assets.xcassets */ = {isa = PBXFileReference; lastKnownFileType = folder.assetcatalog; path = Assets.xcassets; sourceTree = "<group>"; };
		94FB2C1C257422E900268E64 /* Preview Assets.xcassets */ = {isa = PBXFileReference; lastKnownFileType = folder.assetcatalog; path = "Preview Assets.xcassets"; sourceTree = "<group>"; };
		94FB2C1F257422E900268E64 /* Base */ = {isa = PBXFileReference; lastKnownFileType = file.storyboard; name = Base; path = Base.lproj/LaunchScreen.storyboard; sourceTree = "<group>"; };
		94FB2C21257422E900268E64 /* Info.plist */ = {isa = PBXFileReference; lastKnownFileType = text.plist.xml; path = Info.plist; sourceTree = "<group>"; };
		94FB2C292574240D00268E64 /* AddItemView.swift */ = {isa = PBXFileReference; lastKnownFileType = sourcecode.swift; path = AddItemView.swift; sourceTree = "<group>"; };
/* End PBXFileReference section */

/* Begin PBXFrameworksBuildPhase section */
		94FB2C0A257422E600268E64 /* Frameworks */ = {
			isa = PBXFrameworksBuildPhase;
			buildActionMask = 2147483647;
			files = (
			);
			runOnlyForDeploymentPostprocessing = 0;
		};
/* End PBXFrameworksBuildPhase section */

/* Begin PBXGroup section */
		94FB2C04257422E600268E64 = {
			isa = PBXGroup;
			children = (
				94FB2C0F257422E700268E64 /* GoldfishBrain */,
				94FB2C0E257422E700268E64 /* Products */,
			);
			sourceTree = "<group>";
		};
		94FB2C0E257422E700268E64 /* Products */ = {
			isa = PBXGroup;
			children = (
				94FB2C0D257422E700268E64 /* GoldfishBrain.app */,
			);
			name = Products;
			sourceTree = "<group>";
		};
		94FB2C0F257422E700268E64 /* GoldfishBrain */ = {
			isa = PBXGroup;
			children = (
				94FB2C10257422E700268E64 /* AppDelegate.swift */,
				94FB2C12257422E700268E64 /* SceneDelegate.swift */,
				94FB2C28257423E200268E64 /* View */,
				94FB2C19257422E900268E64 /* Assets.xcassets */,
				94FB2C1E257422E900268E64 /* LaunchScreen.storyboard */,
				94FB2C21257422E900268E64 /* Info.plist */,
				94FB2C16257422E700268E64 /* GoldfishBrain.xcdatamodeld */,
				94FB2C1B257422E900268E64 /* Preview Content */,
			);
			path = GoldfishBrain;
			sourceTree = "<group>";
		};
		94FB2C1B257422E900268E64 /* Preview Content */ = {
			isa = PBXGroup;
			children = (
				94FB2C1C257422E900268E64 /* Preview Assets.xcassets */,
			);
			path = "Preview Content";
			sourceTree = "<group>";
		};
		94FB2C28257423E200268E64 /* View */ = {
			isa = PBXGroup;
			children = (
				94FB2C14257422E700268E64 /* ContentView.swift */,
				94FB2C292574240D00268E64 /* AddItemView.swift */,
			);
			path = View;
			sourceTree = "<group>";
		};
/* End PBXGroup section */

/* Begin PBXNativeTarget section */
		94FB2C0C257422E600268E64 /* GoldfishBrain */ = {
			isa = PBXNativeTarget;
			buildConfigurationList = 94FB2C24257422E900268E64 /* Build configuration list for PBXNativeTarget "GoldfishBrain" */;
			buildPhases = (
				94FB2C09257422E600268E64 /* Sources */,
				94FB2C0A257422E600268E64 /* Frameworks */,
				94FB2C0B257422E600268E64 /* Resources */,
			);
			buildRules = (
			);
			dependencies = (
			);
			name = GoldfishBrain;
			productName = GoldfishBrain;
			productReference = 94FB2C0D257422E700268E64 /* GoldfishBrain.app */;
			productType = "com.apple.product-type.application";
		};
/* End PBXNativeTarget section */

/* Begin PBXProject section */
		94FB2C05257422E600268E64 /* Project object */ = {
			isa = PBXProject;
			attributes = {
				LastSwiftUpdateCheck = 1220;
				LastUpgradeCheck = 1220;
				TargetAttributes = {
					94FB2C0C257422E600268E64 = {
						CreatedOnToolsVersion = 12.2;
					};
				};
			};
			buildConfigurationList = 94FB2C08257422E600268E64 /* Build configuration list for PBXProject "GoldfishBrain" */;
			compatibilityVersion = "Xcode 9.3";
			developmentRegion = en;
			hasScannedForEncodings = 0;
			knownRegions = (
				en,
				Base,
			);
			mainGroup = 94FB2C04257422E600268E64;
			productRefGroup = 94FB2C0E257422E700268E64 /* Products */;
			projectDirPath = "";
			projectRoot = "";
			targets = (
				94FB2C0C257422E600268E64 /* GoldfishBrain */,
			);
		};
/* End PBXProject section */

/* Begin PBXResourcesBuildPhase section */
		94FB2C0B257422E600268E64 /* Resources */ = {
			isa = PBXResourcesBuildPhase;
			buildActionMask = 2147483647;
			files = (
				94FB2C20257422E900268E64 /* LaunchScreen.storyboard in Resources */,
				94FB2C1D257422E900268E64 /* Preview Assets.xcassets in Resources */,
				94FB2C1A257422E900268E64 /* Assets.xcassets in Resources */,
			);
			runOnlyForDeploymentPostprocessing = 0;
		};
/* End PBXResourcesBuildPhase section */

/* Begin PBXSourcesBuildPhase section */
		94FB2C09257422E600268E64 /* Sources */ = {
			isa = PBXSourcesBuildPhase;
			buildActionMask = 2147483647;
			files = (
				94FB2C11257422E700268E64 /* AppDelegate.swift in Sources */,
				94FB2C13257422E700268E64 /* SceneDelegate.swift in Sources */,
				94FB2C18257422E700268E64 /* GoldfishBrain.xcdatamodeld in Sources */,
				94FB2C15257422E700268E64 /* ContentView.swift in Sources */,
				94FB2C2A2574240D00268E64 /* AddItemView.swift in Sources */,
			);
			runOnlyForDeploymentPostprocessing = 0;
		};
/* End PBXSourcesBuildPhase section */

/* Begin PBXVariantGroup section */
		94FB2C1E257422E900268E64 /* LaunchScreen.storyboard */ = {
			isa = PBXVariantGroup;
			children = (
				94FB2C1F257422E900268E64 /* Base */,
			);
			name = LaunchScreen.storyboard;
			sourceTree = "<group>";
		};
/* End PBXVariantGroup section */

/* Begin XCBuildConfiguration section */
		94FB2C22257422E900268E64 /* Debug */ = {
			isa = XCBuildConfiguration;
			buildSettings = {
				ALWAYS_SEARCH_USER_PATHS = NO;
				CLANG_ANALYZER_NONNULL = YES;
				CLANG_ANALYZER_NUMBER_OBJECT_CONVERSION = YES_AGGRESSIVE;
				CLANG_CXX_LANGUAGE_STANDARD = "gnu++14";
				CLANG_CXX_LIBRARY = "libc++";
				CLANG_ENABLE_MODULES = YES;
				CLANG_ENABLE_OBJC_ARC = YES;
				CLANG_ENABLE_OBJC_WEAK = YES;
				CLANG_WARN_BLOCK_CAPTURE_AUTORELEASING = YES;
				CLANG_WARN_BOOL_CONVERSION = YES;
				CLANG_WARN_COMMA = YES;
				CLANG_WARN_CONSTANT_CONVERSION = YES;
				CLANG_WARN_DEPRECATED_OBJC_IMPLEMENTATIONS = YES;
				CLANG_WARN_DIRECT_OBJC_ISA_USAGE = YES_ERROR;
				CLANG_WARN_DOCUMENTATION_COMMENTS = YES;
				CLANG_WARN_EMPTY_BODY = YES;
				CLANG_WARN_ENUM_CONVERSION = YES;
				CLANG_WARN_INFINITE_RECURSION = YES;
				CLANG_WARN_INT_CONVERSION = YES;
				CLANG_WARN_NON_LITERAL_NULL_CONVERSION = YES;
				CLANG_WARN_OBJC_IMPLICIT_RETAIN_SELF = YES;
				CLANG_WARN_OBJC_LITERAL_CONVERSION = YES;
				CLANG_WARN_OBJC_ROOT_CLASS = YES_ERROR;
				CLANG_WARN_QUOTED_INCLUDE_IN_FRAMEWORK_HEADER = YES;
				CLANG_WARN_RANGE_LOOP_ANALYSIS = YES;
				CLANG_WARN_STRICT_PROTOTYPES = YES;
				CLANG_WARN_SUSPICIOUS_MOVE = YES;
				CLANG_WARN_UNGUARDED_AVAILABILITY = YES_AGGRESSIVE;
				CLANG_WARN_UNREACHABLE_CODE = YES;
				CLANG_WARN__DUPLICATE_METHOD_MATCH = YES;
				COPY_PHASE_STRIP = NO;
				DEBUG_INFORMATION_FORMAT = dwarf;
				ENABLE_STRICT_OBJC_MSGSEND = YES;
				ENABLE_TESTABILITY = YES;
				GCC_C_LANGUAGE_STANDARD = gnu11;
				GCC_DYNAMIC_NO_PIC = NO;
				GCC_NO_COMMON_BLOCKS = YES;
				GCC_OPTIMIZATION_LEVEL = 0;
				GCC_PREPROCESSOR_DEFINITIONS = (
					"DEBUG=1",
					"$(inherited)",
				);
				GCC_WARN_64_TO_32_BIT_CONVERSION = YES;
				GCC_WARN_ABOUT_RETURN_TYPE = YES_ERROR;
				GCC_WARN_UNDECLARED_SELECTOR = YES;
				GCC_WARN_UNINITIALIZED_AUTOS = YES_AGGRESSIVE;
				GCC_WARN_UNUSED_FUNCTION = YES;
				GCC_WARN_UNUSED_VARIABLE = YES;
				IPHONEOS_DEPLOYMENT_TARGET = 14.2;
				MTL_ENABLE_DEBUG_INFO = INCLUDE_SOURCE;
				MTL_FAST_MATH = YES;
				ONLY_ACTIVE_ARCH = YES;
				SDKROOT = iphoneos;
				SWIFT_ACTIVE_COMPILATION_CONDITIONS = DEBUG;
				SWIFT_OPTIMIZATION_LEVEL = "-Onone";
			};
			name = Debug;
		};
		94FB2C23257422E900268E64 /* Release */ = {
			isa = XCBuildConfiguration;
			buildSettings = {
				ALWAYS_SEARCH_USER_PATHS = NO;
				CLANG_ANALYZER_NONNULL = YES;
				CLANG_ANALYZER_NUMBER_OBJECT_CONVERSION = YES_AGGRESSIVE;
				CLANG_CXX_LANGUAGE_STANDARD = "gnu++14";
				CLANG_CXX_LIBRARY = "libc++";
				CLANG_ENABLE_MODULES = YES;
				CLANG_ENABLE_OBJC_ARC = YES;
				CLANG_ENABLE_OBJC_WEAK = YES;
				CLANG_WARN_BLOCK_CAPTURE_AUTORELEASING = YES;
				CLANG_WARN_BOOL_CONVERSION = YES;
				CLANG_WARN_COMMA = YES;
				CLANG_WARN_CONSTANT_CONVERSION = YES;
				CLANG_WARN_DEPRECATED_OBJC_IMPLEMENTATIONS = YES;
				CLANG_WARN_DIRECT_OBJC_ISA_USAGE = YES_ERROR;
				CLANG_WARN_DOCUMENTATION_COMMENTS = YES;
				CLANG_WARN_EMPTY_BODY = YES;
				CLANG_WARN_ENUM_CONVERSION = YES;
				CLANG_WARN_INFINITE_RECURSION = YES;
				CLANG_WARN_INT_CONVERSION = YES;
				CLANG_WARN_NON_LITERAL_NULL_CONVERSION = YES;
				CLANG_WARN_OBJC_IMPLICIT_RETAIN_SELF = YES;
				CLANG_WARN_OBJC_LITERAL_CONVERSION = YES;
				CLANG_WARN_OBJC_ROOT_CLASS = YES_ERROR;
				CLANG_WARN_QUOTED_INCLUDE_IN_FRAMEWORK_HEADER = YES;
				CLANG_WARN_RANGE_LOOP_ANALYSIS = YES;
				CLANG_WARN_STRICT_PROTOTYPES = YES;
				CLANG_WARN_SUSPICIOUS_MOVE = YES;
				CLANG_WARN_UNGUARDED_AVAILABILITY = YES_AGGRESSIVE;
				CLANG_WARN_UNREACHABLE_CODE = YES;
				CLANG_WARN__DUPLICATE_METHOD_MATCH = YES;
				COPY_PHASE_STRIP = NO;
				DEBUG_INFORMATION_FORMAT = "dwarf-with-dsym";
				ENABLE_NS_ASSERTIONS = NO;
				ENABLE_STRICT_OBJC_MSGSEND = YES;
				GCC_C_LANGUAGE_STANDARD = gnu11;
				GCC_NO_COMMON_BLOCKS = YES;
				GCC_WARN_64_TO_32_BIT_CONVERSION = YES;
				GCC_WARN_ABOUT_RETURN_TYPE = YES_ERROR;
				GCC_WARN_UNDECLARED_SELECTOR = YES;
				GCC_WARN_UNINITIALIZED_AUTOS = YES_AGGRESSIVE;
				GCC_WARN_UNUSED_FUNCTION = YES;
				GCC_WARN_UNUSED_VARIABLE = YES;
				IPHONEOS_DEPLOYMENT_TARGET = 14.2;
				MTL_ENABLE_DEBUG_INFO = NO;
				MTL_FAST_MATH = YES;
				SDKROOT = iphoneos;
				SWIFT_COMPILATION_MODE = wholemodule;
				SWIFT_OPTIMIZATION_LEVEL = "-O";
				VALIDATE_PRODUCT = YES;
			};
			name = Release;
		};
		94FB2C25257422E900268E64 /* Debug */ = {
			isa = XCBuildConfiguration;
			buildSettings = {
				ASSETCATALOG_COMPILER_APPICON_NAME = AppIcon;
				ASSETCATALOG_COMPILER_GLOBAL_ACCENT_COLOR_NAME = AccentColor;
				CODE_SIGN_STYLE = Automatic;
				DEVELOPMENT_ASSET_PATHS = "\"GoldfishBrain/Preview Content\"";
				DEVELOPMENT_TEAM = 2TTKW2WLBZ;
				ENABLE_PREVIEWS = YES;
				INFOPLIST_FILE = GoldfishBrain/Info.plist;
				LD_RUNPATH_SEARCH_PATHS = (
					"$(inherited)",
					"@executable_path/Frameworks",
				);
				PRODUCT_BUNDLE_IDENTIFIER = com.ryansaunders.GoldfishBrain;
				PRODUCT_NAME = "$(TARGET_NAME)";
				SWIFT_VERSION = 5.0;
				TARGETED_DEVICE_FAMILY = "1,2";
			};
			name = Debug;
		};
		94FB2C26257422E900268E64 /* Release */ = {
			isa = XCBuildConfiguration;
			buildSettings = {
				ASSETCATALOG_COMPILER_APPICON_NAME = AppIcon;
				ASSETCATALOG_COMPILER_GLOBAL_ACCENT_COLOR_NAME = AccentColor;
				CODE_SIGN_STYLE = Automatic;
				DEVELOPMENT_ASSET_PATHS = "\"GoldfishBrain/Preview Content\"";
				DEVELOPMENT_TEAM = 2TTKW2WLBZ;
				ENABLE_PREVIEWS = YES;
				INFOPLIST_FILE = GoldfishBrain/Info.plist;
				LD_RUNPATH_SEARCH_PATHS = (
					"$(inherited)",
					"@executable_path/Frameworks",
				);
				PRODUCT_BUNDLE_IDENTIFIER = com.ryansaunders.GoldfishBrain;
				PRODUCT_NAME = "$(TARGET_NAME)";
				SWIFT_VERSION = 5.0;
				TARGETED_DEVICE_FAMILY = "1,2";
			};
			name = Release;
		};
/* End XCBuildConfiguration section */

/* Begin XCConfigurationList section */
		94FB2C08257422E600268E64 /* Build configuration list for PBXProject "GoldfishBrain" */ = {
			isa = XCConfigurationList;
			buildConfigurations = (
				94FB2C22257422E900268E64 /* Debug */,
				94FB2C23257422E900268E64 /* Release */,
			);
			defaultConfigurationIsVisible = 0;
			defaultConfigurationName = Release;
		};
		94FB2C24257422E900268E64 /* Build configuration list for PBXNativeTarget "GoldfishBrain" */ = {
			isa = XCConfigurationList;
			buildConfigurations = (
				94FB2C25257422E900268E64 /* Debug */,
				94FB2C26257422E900268E64 /* Release */,
			);
			defaultConfigurationIsVisible = 0;
			defaultConfigurationName = Release;
		};
/* End XCConfigurationList section */

/* Begin XCVersionGroup section */
		94FB2C16257422E700268E64 /* GoldfishBrain.xcdatamodeld */ = {
			isa = XCVersionGroup;
			children = (
				94FB2C17257422E700268E64 /* GoldfishBrain.xcdatamodel */,
			);
			currentVersion = 94FB2C17257422E700268E64 /* GoldfishBrain.xcdatamodel */;
			path = GoldfishBrain.xcdatamodeld;
			sourceTree = "<group>";
			versionGroupType = wrapper.xcdatamodel;
		};
/* End XCVersionGroup section */
	};
	rootObject = 94FB2C05257422E600268E64 /* Project object */;
}
